
Microsoft Visual Studio Solution File, Format Version 10.00
# Visual Studio 2008
Project("{8BC9CEB8-8B4A-11D0-8D11-00A0C91BC942}") = "ADLL", "ADLL\ADLL.vcproj", "{3B886CBC-EACA-44F0-9F6B-946D062F6128}"
EndProject
Project("{8BC9CEB8-8B4A-11D0-8D11-00A0C91BC942}") = "ImplicitClientADLL", "ImplicitClientADLL\ImplicitClientADLL.vcproj", "{81D1F6B5-1935-47D3-945F-FEDF7AC99557}"
EndProject
Global
	GlobalSection(SolutionConfigurationPlatforms) = preSolution
		Debug|Win32 = Debug|Win32
		Release|Win32 = Release|Win32
	EndGlobalSection
	GlobalSection(ProjectConfigurationPlatforms) = postSolution
		{3B886CBC-EACA-44F0-9F6B-946D062F6128}.Debug|Win32.ActiveCfg = Debug|Win32
		{3B886CBC-EACA-44F0-9F6B-946D062F6128}.Debug|Win32.Build.0 = Debug|Win32
		{3B886CBC-EACA-44F0-9F6B-946D062F6128}.Release|Win32.ActiveCfg = Release|Win32
		{3B886CBC-EACA-44F0-9F6B-946D062F6128}.Release|Win32.Build.0 = Release|Win32
		{81D1F6B5-1935-47D3-945F-FEDF7AC99557}.Debug|Win32.ActiveCfg = Debug|Win32
		{81D1F6B5-1935-47D3-945F-FEDF7AC99557}.Debug|Win32.Build.0 = Debug|Win32
		{81D1F6B5-1935-47D3-945F-FEDF7AC99557}.Release|Win32.ActiveCfg = Release|Win32
		{81D1F6B5-1935-47D3-945F-FEDF7AC99557}.Release|Win32.Build.0 = Release|Win32
	EndGlobalSection
	GlobalSection(SolutionProperties) = preSolution
		HideSolutionNode = FALSE
	EndGlobalSection
EndGlobal
