
Microsoft Visual Studio Solution File, Format Version 10.00
# Visual Studio 2008
Project("{8BC9CEB8-8B4A-11D0-8D11-00A0C91BC942}") = "StrTableViewer", "StrTableViewer\StrTableViewer.vcproj", "{7298EE7F-1F14-4BCF-AA5E-95E985B1B6F8}"
EndProject
Project("{8BC9CEB8-8B4A-11D0-8D11-00A0C91BC942}") = "RDLL", "RDLL\RDLL.vcproj", "{E99E0E80-0D53-47D0-A1DF-5ED8D651C774}"
EndProject
Global
	GlobalSection(SolutionConfigurationPlatforms) = preSolution
		Debug|Win32 = Debug|Win32
		Release|Win32 = Release|Win32
	EndGlobalSection
	GlobalSection(ProjectConfigurationPlatforms) = postSolution
		{7298EE7F-1F14-4BCF-AA5E-95E985B1B6F8}.Debug|Win32.ActiveCfg = Debug|Win32
		{7298EE7F-1F14-4BCF-AA5E-95E985B1B6F8}.Debug|Win32.Build.0 = Debug|Win32
		{7298EE7F-1F14-4BCF-AA5E-95E985B1B6F8}.Release|Win32.ActiveCfg = Release|Win32
		{7298EE7F-1F14-4BCF-AA5E-95E985B1B6F8}.Release|Win32.Build.0 = Release|Win32
		{E99E0E80-0D53-47D0-A1DF-5ED8D651C774}.Debug|Win32.ActiveCfg = Debug|Win32
		{E99E0E80-0D53-47D0-A1DF-5ED8D651C774}.Debug|Win32.Build.0 = Debug|Win32
		{E99E0E80-0D53-47D0-A1DF-5ED8D651C774}.Release|Win32.ActiveCfg = Release|Win32
		{E99E0E80-0D53-47D0-A1DF-5ED8D651C774}.Release|Win32.Build.0 = Release|Win32
	EndGlobalSection
	GlobalSection(SolutionProperties) = preSolution
		HideSolutionNode = FALSE
	EndGlobalSection
EndGlobal
